
Microsoft Visual Studio Solution File, Format Version 12.00
Project("{FAE04EC0-301F-11D3-BF4B-00C04F79EFBC}") = "Circle Objects", "Circle Objects\Circle Objects.csproj", "{252CA0C6-3F1E-41D4-939F-C337FF929F6B}"
EndProject
Global
	GlobalSection(SolutionConfigurationPlatforms) = preSolution
		Debug|Any CPU = Debug|Any CPU
		Release|Any CPU = Release|Any CPU
	EndGlobalSection
	GlobalSection(ProjectConfigurationPlatforms) = postSolution
		{252CA0C6-3F1E-41D4-939F-C337FF929F6B}.Debug|Any CPU.ActiveCfg = Debug|Any CPU
		{252CA0C6-3F1E-41D4-939F-C337FF929F6B}.Debug|Any CPU.Build.0 = Debug|Any CPU
		{252CA0C6-3F1E-41D4-939F-C337FF929F6B}.Release|Any CPU.ActiveCfg = Release|Any CPU
		{252CA0C6-3F1E-41D4-939F-C337FF929F6B}.Release|Any CPU.Build.0 = Release|Any CPU
	EndGlobalSection
EndGlobal
