
Microsoft Visual Studio Solution File, Format Version 12.00
Project("{FAE04EC0-301F-11D3-BF4B-00C04F79EFBC}") = "NUMBERANALYZER", "NUMBERANALYZER \NUMBERANALYZER.csproj", "{FFEA6049-9C2B-47B7-9A62-F772A2CD14A3}"
EndProject
Global
	GlobalSection(SolutionConfigurationPlatforms) = preSolution
		Debug|Any CPU = Debug|Any CPU
		Release|Any CPU = Release|Any CPU
	EndGlobalSection
	GlobalSection(ProjectConfigurationPlatforms) = postSolution
		{FFEA6049-9C2B-47B7-9A62-F772A2CD14A3}.Debug|Any CPU.ActiveCfg = Debug|Any CPU
		{FFEA6049-9C2B-47B7-9A62-F772A2CD14A3}.Debug|Any CPU.Build.0 = Debug|Any CPU
		{FFEA6049-9C2B-47B7-9A62-F772A2CD14A3}.Release|Any CPU.ActiveCfg = Release|Any CPU
		{FFEA6049-9C2B-47B7-9A62-F772A2CD14A3}.Release|Any CPU.Build.0 = Release|Any CPU
	EndGlobalSection
EndGlobal
