
Microsoft Visual Studio Solution File, Format Version 12.00
Project("{FAE04EC0-301F-11D3-BF4B-00C04F79EFBC}") = "Project1st", "Project1st\Project1st.csproj", "{EABA36CE-9EB0-46B3-B199-B1ABEE5DAD61}"
EndProject
Global
	GlobalSection(SolutionConfigurationPlatforms) = preSolution
		Debug|Any CPU = Debug|Any CPU
		Release|Any CPU = Release|Any CPU
	EndGlobalSection
	GlobalSection(ProjectConfigurationPlatforms) = postSolution
		{EABA36CE-9EB0-46B3-B199-B1ABEE5DAD61}.Debug|Any CPU.ActiveCfg = Debug|Any CPU
		{EABA36CE-9EB0-46B3-B199-B1ABEE5DAD61}.Debug|Any CPU.Build.0 = Debug|Any CPU
		{EABA36CE-9EB0-46B3-B199-B1ABEE5DAD61}.Release|Any CPU.ActiveCfg = Release|Any CPU
		{EABA36CE-9EB0-46B3-B199-B1ABEE5DAD61}.Release|Any CPU.Build.0 = Release|Any CPU
	EndGlobalSection
EndGlobal
